
Microsoft Visual Studio Solution File, Format Version 12.00
# Visual Studio Version 16
VisualStudioVersion = 16.0.29215.179
MinimumVisualStudioVersion = 10.0.40219.1
Project("{FAE04EC0-301F-11D3-BF4B-00C04F79EFBC}") = "Lab5", "Lab5\Lab5.csproj", "{10691605-EAF4-4670-A7AF-FC6F018721FB}"
EndProject
Global
	GlobalSection(SolutionConfigurationPlatforms) = preSolution
		Debug|Any CPU = Debug|Any CPU
		Release|Any CPU = Release|Any CPU
	EndGlobalSection
	GlobalSection(ProjectConfigurationPlatforms) = postSolution
		{10691605-EAF4-4670-A7AF-FC6F018721FB}.Debug|Any CPU.ActiveCfg = Debug|Any CPU
		{10691605-EAF4-4670-A7AF-FC6F018721FB}.Debug|Any CPU.Build.0 = Debug|Any CPU
		{10691605-EAF4-4670-A7AF-FC6F018721FB}.Release|Any CPU.ActiveCfg = Release|Any CPU
		{10691605-EAF4-4670-A7AF-FC6F018721FB}.Release|Any CPU.Build.0 = Release|Any CPU
	EndGlobalSection
	GlobalSection(SolutionProperties) = preSolution
		HideSolutionNode = FALSE
	EndGlobalSection
	GlobalSection(ExtensibilityGlobals) = postSolution
		SolutionGuid = {22350F53-9866-43A8-90B0-27B4EF74417D}
	EndGlobalSection
EndGlobal
