
Microsoft Visual Studio Solution File, Format Version 12.00
# Visual Studio Version 16
VisualStudioVersion = 16.0.29215.179
MinimumVisualStudioVersion = 10.0.40219.1
Project("{9A19103F-16F7-4668-BE54-9A1E7A4F7556}") = "Lab6", "Lab6\Lab6.csproj", "{780B02DA-D945-4338-B0A4-C26EDCEA8917}"
EndProject
Project("{FAE04EC0-301F-11D3-BF4B-00C04F79EFBC}") = "Lab 7", "Lab 7\Lab 7.csproj", "{847E2D86-6DA0-4CD7-A09D-27E59BAD43F7}"
EndProject
Project("{FAE04EC0-301F-11D3-BF4B-00C04F79EFBC}") = "Lab8", "Lab8\Lab8.csproj", "{B4E3EC60-062F-4361-BC54-81F1FBCEF799}"
EndProject
Global
	GlobalSection(SolutionConfigurationPlatforms) = preSolution
		Debug|Any CPU = Debug|Any CPU
		Release|Any CPU = Release|Any CPU
	EndGlobalSection
	GlobalSection(ProjectConfigurationPlatforms) = postSolution
		{780B02DA-D945-4338-B0A4-C26EDCEA8917}.Debug|Any CPU.ActiveCfg = Debug|Any CPU
		{780B02DA-D945-4338-B0A4-C26EDCEA8917}.Debug|Any CPU.Build.0 = Debug|Any CPU
		{780B02DA-D945-4338-B0A4-C26EDCEA8917}.Release|Any CPU.ActiveCfg = Release|Any CPU
		{780B02DA-D945-4338-B0A4-C26EDCEA8917}.Release|Any CPU.Build.0 = Release|Any CPU
		{847E2D86-6DA0-4CD7-A09D-27E59BAD43F7}.Debug|Any CPU.ActiveCfg = Debug|Any CPU
		{847E2D86-6DA0-4CD7-A09D-27E59BAD43F7}.Debug|Any CPU.Build.0 = Debug|Any CPU
		{847E2D86-6DA0-4CD7-A09D-27E59BAD43F7}.Release|Any CPU.ActiveCfg = Release|Any CPU
		{847E2D86-6DA0-4CD7-A09D-27E59BAD43F7}.Release|Any CPU.Build.0 = Release|Any CPU
		{B4E3EC60-062F-4361-BC54-81F1FBCEF799}.Debug|Any CPU.ActiveCfg = Debug|Any CPU
		{B4E3EC60-062F-4361-BC54-81F1FBCEF799}.Debug|Any CPU.Build.0 = Debug|Any CPU
		{B4E3EC60-062F-4361-BC54-81F1FBCEF799}.Release|Any CPU.ActiveCfg = Release|Any CPU
		{B4E3EC60-062F-4361-BC54-81F1FBCEF799}.Release|Any CPU.Build.0 = Release|Any CPU
	EndGlobalSection
	GlobalSection(SolutionProperties) = preSolution
		HideSolutionNode = FALSE
	EndGlobalSection
	GlobalSection(ExtensibilityGlobals) = postSolution
		SolutionGuid = {72C5D9E1-F5C3-4F16-A5DA-7DB8297CDEFF}
	EndGlobalSection
EndGlobal
